// !$*UTF8*$!
{
	archiveVersion = 1;
	classes = {
	};
	objectVersion = 50;
	objects = {

/* Begin PBXBuildFile section */
		0EDC078D26C18664007C924B /* TabBarViewController.swift in Sources */ = {isa = PBXBuildFile; fileRef = 0EDC078C26C18664007C924B /* TabBarViewController.swift */; };
		0EDC078F26C187AF007C924B /* SectionTableViewController.swift in Sources */ = {isa = PBXBuildFile; fileRef = 0EDC078E26C187AF007C924B /* SectionTableViewController.swift */; };
		0EEA6B0826BEE72B00CFB04F /* AppDelegate.swift in Sources */ = {isa = PBXBuildFile; fileRef = 0EEA6B0726BEE72B00CFB04F /* AppDelegate.swift */; };
		0EEA6B0A26BEE72B00CFB04F /* SceneDelegate.swift in Sources */ = {isa = PBXBuildFile; fileRef = 0EEA6B0926BEE72B00CFB04F /* SceneDelegate.swift */; };
		0EEA6B0F26BEE72B00CFB04F /* Main.storyboard in Resources */ = {isa = PBXBuildFile; fileRef = 0EEA6B0D26BEE72B00CFB04F /* Main.storyboard */; };
		0EEA6B1126BEE72C00CFB04F /* Assets.xcassets in Resources */ = {isa = PBXBuildFile; fileRef = 0EEA6B1026BEE72C00CFB04F /* Assets.xcassets */; };
		0EEA6B1426BEE72C00CFB04F /* LaunchScreen.storyboard in Resources */ = {isa = PBXBuildFile; fileRef = 0EEA6B1226BEE72C00CFB04F /* LaunchScreen.storyboard */; };
		0EEA6B1C26BEE82100CFB04F /* PersonsListViewController.swift in Sources */ = {isa = PBXBuildFile; fileRef = 0EEA6B1B26BEE82100CFB04F /* PersonsListViewController.swift */; };
		0EEA6B1E26BEE90300CFB04F /* Person.swift in Sources */ = {isa = PBXBuildFile; fileRef = 0EEA6B1D26BEE90300CFB04F /* Person.swift */; };
		0EEA6B2026BEE9E800CFB04F /* DataManager.swift in Sources */ = {isa = PBXBuildFile; fileRef = 0EEA6B1F26BEE9E800CFB04F /* DataManager.swift */; };
		0EEA6B2826BEF43400CFB04F /* PersonInfoViewController.swift in Sources */ = {isa = PBXBuildFile; fileRef = 0EEA6B2726BEF43400CFB04F /* PersonInfoViewController.swift */; };
/* End PBXBuildFile section */

/* Begin PBXFileReference section */
		0EDC078C26C18664007C924B /* TabBarViewController.swift */ = {isa = PBXFileReference; lastKnownFileType = sourcecode.swift; path = TabBarViewController.swift; sourceTree = "<group>"; };
		0EDC078E26C187AF007C924B /* SectionTableViewController.swift */ = {isa = PBXFileReference; lastKnownFileType = sourcecode.swift; path = SectionTableViewController.swift; sourceTree = "<group>"; };
		0EEA6B0426BEE72B00CFB04F /* ContactList.app */ = {isa = PBXFileReference; explicitFileType = wrapper.application; includeInIndex = 0; path = ContactList.app; sourceTree = BUILT_PRODUCTS_DIR; };
		0EEA6B0726BEE72B00CFB04F /* AppDelegate.swift */ = {isa = PBXFileReference; lastKnownFileType = sourcecode.swift; path = AppDelegate.swift; sourceTree = "<group>"; };
		0EEA6B0926BEE72B00CFB04F /* SceneDelegate.swift */ = {isa = PBXFileReference; lastKnownFileType = sourcecode.swift; path = SceneDelegate.swift; sourceTree = "<group>"; };
		0EEA6B0E26BEE72B00CFB04F /* Base */ = {isa = PBXFileReference; lastKnownFileType = file.storyboard; name = Base; path = Base.lproj/Main.storyboard; sourceTree = "<group>"; };
		0EEA6B1026BEE72C00CFB04F /* Assets.xcassets */ = {isa = PBXFileReference; lastKnownFileType = folder.assetcatalog; path = Assets.xcassets; sourceTree = "<group>"; };
		0EEA6B1326BEE72C00CFB04F /* Base */ = {isa = PBXFileReference; lastKnownFileType = file.storyboard; name = Base; path = Base.lproj/LaunchScreen.storyboard; sourceTree = "<group>"; };
		0EEA6B1526BEE72C00CFB04F /* Info.plist */ = {isa = PBXFileReference; lastKnownFileType = text.plist.xml; path = Info.plist; sourceTree = "<group>"; };
		0EEA6B1B26BEE82100CFB04F /* PersonsListViewController.swift */ = {isa = PBXFileReference; lastKnownFileType = sourcecode.swift; path = PersonsListViewController.swift; sourceTree = "<group>"; };
		0EEA6B1D26BEE90300CFB04F /* Person.swift */ = {isa = PBXFileReference; lastKnownFileType = sourcecode.swift; path = Person.swift; sourceTree = "<group>"; };
		0EEA6B1F26BEE9E800CFB04F /* DataManager.swift */ = {isa = PBXFileReference; lastKnownFileType = sourcecode.swift; path = DataManager.swift; sourceTree = "<group>"; };
		0EEA6B2726BEF43400CFB04F /* PersonInfoViewController.swift */ = {isa = PBXFileReference; lastKnownFileType = sourcecode.swift; path = PersonInfoViewController.swift; sourceTree = "<group>"; };
/* End PBXFileReference section */

/* Begin PBXFrameworksBuildPhase section */
		0EEA6B0126BEE72B00CFB04F /* Frameworks */ = {
			isa = PBXFrameworksBuildPhase;
			buildActionMask = 2147483647;
			files = (
			);
			runOnlyForDeploymentPostprocessing = 0;
		};
/* End PBXFrameworksBuildPhase section */

/* Begin PBXGroup section */
		0EEA6AFB26BEE72B00CFB04F = {
			isa = PBXGroup;
			children = (
				0EEA6B0626BEE72B00CFB04F /* ContactList */,
				0EEA6B0526BEE72B00CFB04F /* Products */,
			);
			sourceTree = "<group>";
		};
		0EEA6B0526BEE72B00CFB04F /* Products */ = {
			isa = PBXGroup;
			children = (
				0EEA6B0426BEE72B00CFB04F /* ContactList.app */,
			);
			name = Products;
			sourceTree = "<group>";
		};
		0EEA6B0626BEE72B00CFB04F /* ContactList */ = {
			isa = PBXGroup;
			children = (
				0EEA6B2126BEF08D00CFB04F /* Model */,
				0EEA6B2626BEF11400CFB04F /* Helpers */,
				0EEA6B2226BEF09E00CFB04F /* ViewController */,
				0EEA6B2526BEF0E700CFB04F /* Storyboards */,
				0EEA6B2426BEF0CA00CFB04F /* Resourses */,
				0EEA6B2326BEF0B700CFB04F /* Supporting */,
			);
			path = ContactList;
			sourceTree = "<group>";
		};
		0EEA6B2126BEF08D00CFB04F /* Model */ = {
			isa = PBXGroup;
			children = (
				0EEA6B1D26BEE90300CFB04F /* Person.swift */,
			);
			path = Model;
			sourceTree = "<group>";
		};
		0EEA6B2226BEF09E00CFB04F /* ViewController */ = {
			isa = PBXGroup;
			children = (
				0EDC078C26C18664007C924B /* TabBarViewController.swift */,
				0EEA6B1B26BEE82100CFB04F /* PersonsListViewController.swift */,
				0EEA6B2726BEF43400CFB04F /* PersonInfoViewController.swift */,
				0EDC078E26C187AF007C924B /* SectionTableViewController.swift */,
			);
			path = ViewController;
			sourceTree = "<group>";
		};
		0EEA6B2326BEF0B700CFB04F /* Supporting */ = {
			isa = PBXGroup;
			children = (
				0EEA6B0726BEE72B00CFB04F /* AppDelegate.swift */,
				0EEA6B0926BEE72B00CFB04F /* SceneDelegate.swift */,
				0EEA6B1526BEE72C00CFB04F /* Info.plist */,
			);
			path = Supporting;
			sourceTree = "<group>";
		};
		0EEA6B2426BEF0CA00CFB04F /* Resourses */ = {
			isa = PBXGroup;
			children = (
				0EEA6B1026BEE72C00CFB04F /* Assets.xcassets */,
			);
			path = Resourses;
			sourceTree = "<group>";
		};
		0EEA6B2526BEF0E700CFB04F /* Storyboards */ = {
			isa = PBXGroup;
			children = (
				0EEA6B0D26BEE72B00CFB04F /* Main.storyboard */,
				0EEA6B1226BEE72C00CFB04F /* LaunchScreen.storyboard */,
			);
			path = Storyboards;
			sourceTree = "<group>";
		};
		0EEA6B2626BEF11400CFB04F /* Helpers */ = {
			isa = PBXGroup;
			children = (
				0EEA6B1F26BEE9E800CFB04F /* DataManager.swift */,
			);
			path = Helpers;
			sourceTree = "<group>";
		};
/* End PBXGroup section */

/* Begin PBXNativeTarget section */
		0EEA6B0326BEE72B00CFB04F /* ContactList */ = {
			isa = PBXNativeTarget;
			buildConfigurationList = 0EEA6B1826BEE72C00CFB04F /* Build configuration list for PBXNativeTarget "ContactList" */;
			buildPhases = (
				0EEA6B0026BEE72B00CFB04F /* Sources */,
				0EEA6B0126BEE72B00CFB04F /* Frameworks */,
				0EEA6B0226BEE72B00CFB04F /* Resources */,
			);
			buildRules = (
			);
			dependencies = (
			);
			name = ContactList;
			productName = ContactList;
			productReference = 0EEA6B0426BEE72B00CFB04F /* ContactList.app */;
			productType = "com.apple.product-type.application";
		};
/* End PBXNativeTarget section */

/* Begin PBXProject section */
		0EEA6AFC26BEE72B00CFB04F /* Project object */ = {
			isa = PBXProject;
			attributes = {
				LastSwiftUpdateCheck = 1250;
				LastUpgradeCheck = 1250;
				TargetAttributes = {
					0EEA6B0326BEE72B00CFB04F = {
						CreatedOnToolsVersion = 12.5.1;
					};
				};
			};
			buildConfigurationList = 0EEA6AFF26BEE72B00CFB04F /* Build configuration list for PBXProject "ContactList" */;
			compatibilityVersion = "Xcode 9.3";
			developmentRegion = en;
			hasScannedForEncodings = 0;
			knownRegions = (
				en,
				Base,
			);
			mainGroup = 0EEA6AFB26BEE72B00CFB04F;
			productRefGroup = 0EEA6B0526BEE72B00CFB04F /* Products */;
			projectDirPath = "";
			projectRoot = "";
			targets = (
				0EEA6B0326BEE72B00CFB04F /* ContactList */,
			);
		};
/* End PBXProject section */

/* Begin PBXResourcesBuildPhase section */
		0EEA6B0226BEE72B00CFB04F /* Resources */ = {
			isa = PBXResourcesBuildPhase;
			buildActionMask = 2147483647;
			files = (
				0EEA6B1426BEE72C00CFB04F /* LaunchScreen.storyboard in Resources */,
				0EEA6B1126BEE72C00CFB04F /* Assets.xcassets in Resources */,
				0EEA6B0F26BEE72B00CFB04F /* Main.storyboard in Resources */,
			);
			runOnlyForDeploymentPostprocessing = 0;
		};
/* End PBXResourcesBuildPhase section */

/* Begin PBXSourcesBuildPhase section */
		0EEA6B0026BEE72B00CFB04F /* Sources */ = {
			isa = PBXSourcesBuildPhase;
			buildActionMask = 2147483647;
			files = (
				0EEA6B0826BEE72B00CFB04F /* AppDelegate.swift in Sources */,
				0EEA6B2826BEF43400CFB04F /* PersonInfoViewController.swift in Sources */,
				0EEA6B2026BEE9E800CFB04F /* DataManager.swift in Sources */,
				0EEA6B1C26BEE82100CFB04F /* PersonsListViewController.swift in Sources */,
				0EDC078D26C18664007C924B /* TabBarViewController.swift in Sources */,
				0EEA6B1E26BEE90300CFB04F /* Person.swift in Sources */,
				0EDC078F26C187AF007C924B /* SectionTableViewController.swift in Sources */,
				0EEA6B0A26BEE72B00CFB04F /* SceneDelegate.swift in Sources */,
			);
			runOnlyForDeploymentPostprocessing = 0;
		};
/* End PBXSourcesBuildPhase section */

/* Begin PBXVariantGroup section */
		0EEA6B0D26BEE72B00CFB04F /* Main.storyboard */ = {
			isa = PBXVariantGroup;
			children = (
				0EEA6B0E26BEE72B00CFB04F /* Base */,
			);
			name = Main.storyboard;
			sourceTree = "<group>";
		};
		0EEA6B1226BEE72C00CFB04F /* LaunchScreen.storyboard */ = {
			isa = PBXVariantGroup;
			children = (
				0EEA6B1326BEE72C00CFB04F /* Base */,
			);
			name = LaunchScreen.storyboard;
			sourceTree = "<group>";
		};
/* End PBXVariantGroup section */

/* Begin XCBuildConfiguration section */
		0EEA6B1626BEE72C00CFB04F /* Debug */ = {
			isa = XCBuildConfiguration;
			buildSettings = {
				ALWAYS_SEARCH_USER_PATHS = NO;
				CLANG_ANALYZER_NONNULL = YES;
				CLANG_ANALYZER_NUMBER_OBJECT_CONVERSION = YES_AGGRESSIVE;
				CLANG_CXX_LANGUAGE_STANDARD = "gnu++14";
				CLANG_CXX_LIBRARY = "libc++";
				CLANG_ENABLE_MODULES = YES;
				CLANG_ENABLE_OBJC_ARC = YES;
				CLANG_ENABLE_OBJC_WEAK = YES;
				CLANG_WARN_BLOCK_CAPTURE_AUTORELEASING = YES;
				CLANG_WARN_BOOL_CONVERSION = YES;
				CLANG_WARN_COMMA = YES;
				CLANG_WARN_CONSTANT_CONVERSION = YES;
				CLANG_WARN_DEPRECATED_OBJC_IMPLEMENTATIONS = YES;
				CLANG_WARN_DIRECT_OBJC_ISA_USAGE = YES_ERROR;
				CLANG_WARN_DOCUMENTATION_COMMENTS = YES;
				CLANG_WARN_EMPTY_BODY = YES;
				CLANG_WARN_ENUM_CONVERSION = YES;
				CLANG_WARN_INFINITE_RECURSION = YES;
				CLANG_WARN_INT_CONVERSION = YES;
				CLANG_WARN_NON_LITERAL_NULL_CONVERSION = YES;
				CLANG_WARN_OBJC_IMPLICIT_RETAIN_SELF = YES;
				CLANG_WARN_OBJC_LITERAL_CONVERSION = YES;
				CLANG_WARN_OBJC_ROOT_CLASS = YES_ERROR;
				CLANG_WARN_QUOTED_INCLUDE_IN_FRAMEWORK_HEADER = YES;
				CLANG_WARN_RANGE_LOOP_ANALYSIS = YES;
				CLANG_WARN_STRICT_PROTOTYPES = YES;
				CLANG_WARN_SUSPICIOUS_MOVE = YES;
				CLANG_WARN_UNGUARDED_AVAILABILITY = YES_AGGRESSIVE;
				CLANG_WARN_UNREACHABLE_CODE = YES;
				CLANG_WARN__DUPLICATE_METHOD_MATCH = YES;
				COPY_PHASE_STRIP = NO;
				DEBUG_INFORMATION_FORMAT = dwarf;
				ENABLE_STRICT_OBJC_MSGSEND = YES;
				ENABLE_TESTABILITY = YES;
				GCC_C_LANGUAGE_STANDARD = gnu11;
				GCC_DYNAMIC_NO_PIC = NO;
				GCC_NO_COMMON_BLOCKS = YES;
				GCC_OPTIMIZATION_LEVEL = 0;
				GCC_PREPROCESSOR_DEFINITIONS = (
					"DEBUG=1",
					"$(inherited)",
				);
				GCC_WARN_64_TO_32_BIT_CONVERSION = YES;
				GCC_WARN_ABOUT_RETURN_TYPE = YES_ERROR;
				GCC_WARN_UNDECLARED_SELECTOR = YES;
				GCC_WARN_UNINITIALIZED_AUTOS = YES_AGGRESSIVE;
				GCC_WARN_UNUSED_FUNCTION = YES;
				GCC_WARN_UNUSED_VARIABLE = YES;
				IPHONEOS_DEPLOYMENT_TARGET = 14.5;
				MTL_ENABLE_DEBUG_INFO = INCLUDE_SOURCE;
				MTL_FAST_MATH = YES;
				ONLY_ACTIVE_ARCH = YES;
				SDKROOT = iphoneos;
				SWIFT_ACTIVE_COMPILATION_CONDITIONS = DEBUG;
				SWIFT_OPTIMIZATION_LEVEL = "-Onone";
			};
			name = Debug;
		};
		0EEA6B1726BEE72C00CFB04F /* Release */ = {
			isa = XCBuildConfiguration;
			buildSettings = {
				ALWAYS_SEARCH_USER_PATHS = NO;
				CLANG_ANALYZER_NONNULL = YES;
				CLANG_ANALYZER_NUMBER_OBJECT_CONVERSION = YES_AGGRESSIVE;
				CLANG_CXX_LANGUAGE_STANDARD = "gnu++14";
				CLANG_CXX_LIBRARY = "libc++";
				CLANG_ENABLE_MODULES = YES;
				CLANG_ENABLE_OBJC_ARC = YES;
				CLANG_ENABLE_OBJC_WEAK = YES;
				CLANG_WARN_BLOCK_CAPTURE_AUTORELEASING = YES;
				CLANG_WARN_BOOL_CONVERSION = YES;
				CLANG_WARN_COMMA = YES;
				CLANG_WARN_CONSTANT_CONVERSION = YES;
				CLANG_WARN_DEPRECATED_OBJC_IMPLEMENTATIONS = YES;
				CLANG_WARN_DIRECT_OBJC_ISA_USAGE = YES_ERROR;
				CLANG_WARN_DOCUMENTATION_COMMENTS = YES;
				CLANG_WARN_EMPTY_BODY = YES;
				CLANG_WARN_ENUM_CONVERSION = YES;
				CLANG_WARN_INFINITE_RECURSION = YES;
				CLANG_WARN_INT_CONVERSION = YES;
				CLANG_WARN_NON_LITERAL_NULL_CONVERSION = YES;
				CLANG_WARN_OBJC_IMPLICIT_RETAIN_SELF = YES;
				CLANG_WARN_OBJC_LITERAL_CONVERSION = YES;
				CLANG_WARN_OBJC_ROOT_CLASS = YES_ERROR;
				CLANG_WARN_QUOTED_INCLUDE_IN_FRAMEWORK_HEADER = YES;
				CLANG_WARN_RANGE_LOOP_ANALYSIS = YES;
				CLANG_WARN_STRICT_PROTOTYPES = YES;
				CLANG_WARN_SUSPICIOUS_MOVE = YES;
				CLANG_WARN_UNGUARDED_AVAILABILITY = YES_AGGRESSIVE;
				CLANG_WARN_UNREACHABLE_CODE = YES;
				CLANG_WARN__DUPLICATE_METHOD_MATCH = YES;
				COPY_PHASE_STRIP = NO;
				DEBUG_INFORMATION_FORMAT = "dwarf-with-dsym";
				ENABLE_NS_ASSERTIONS = NO;
				ENABLE_STRICT_OBJC_MSGSEND = YES;
				GCC_C_LANGUAGE_STANDARD = gnu11;
				GCC_NO_COMMON_BLOCKS = YES;
				GCC_WARN_64_TO_32_BIT_CONVERSION = YES;
				GCC_WARN_ABOUT_RETURN_TYPE = YES_ERROR;
				GCC_WARN_UNDECLARED_SELECTOR = YES;
				GCC_WARN_UNINITIALIZED_AUTOS = YES_AGGRESSIVE;
				GCC_WARN_UNUSED_FUNCTION = YES;
				GCC_WARN_UNUSED_VARIABLE = YES;
				IPHONEOS_DEPLOYMENT_TARGET = 14.5;
				MTL_ENABLE_DEBUG_INFO = NO;
				MTL_FAST_MATH = YES;
				SDKROOT = iphoneos;
				SWIFT_COMPILATION_MODE = wholemodule;
				SWIFT_OPTIMIZATION_LEVEL = "-O";
				VALIDATE_PRODUCT = YES;
			};
			name = Release;
		};
		0EEA6B1926BEE72C00CFB04F /* Debug */ = {
			isa = XCBuildConfiguration;
			buildSettings = {
				ASSETCATALOG_COMPILER_APPICON_NAME = AppIcon;
				ASSETCATALOG_COMPILER_GLOBAL_ACCENT_COLOR_NAME = AccentColor;
				CODE_SIGN_STYLE = Automatic;
				DEVELOPMENT_TEAM = L3S8MU2XD5;
				INFOPLIST_FILE = ContactList/supporting/Info.plist;
				LD_RUNPATH_SEARCH_PATHS = (
					"$(inherited)",
					"@executable_path/Frameworks",
				);
				PRODUCT_BUNDLE_IDENTIFIER = IvanKalabishka.ContactList;
				PRODUCT_NAME = "$(TARGET_NAME)";
				SWIFT_VERSION = 5.0;
				TARGETED_DEVICE_FAMILY = "1,2";
			};
			name = Debug;
		};
		0EEA6B1A26BEE72C00CFB04F /* Release */ = {
			isa = XCBuildConfiguration;
			buildSettings = {
				ASSETCATALOG_COMPILER_APPICON_NAME = AppIcon;
				ASSETCATALOG_COMPILER_GLOBAL_ACCENT_COLOR_NAME = AccentColor;
				CODE_SIGN_STYLE = Automatic;
				DEVELOPMENT_TEAM = L3S8MU2XD5;
				INFOPLIST_FILE = ContactList/supporting/Info.plist;
				LD_RUNPATH_SEARCH_PATHS = (
					"$(inherited)",
					"@executable_path/Frameworks",
				);
				PRODUCT_BUNDLE_IDENTIFIER = IvanKalabishka.ContactList;
				PRODUCT_NAME = "$(TARGET_NAME)";
				SWIFT_VERSION = 5.0;
				TARGETED_DEVICE_FAMILY = "1,2";
			};
			name = Release;
		};
/* End XCBuildConfiguration section */

/* Begin XCConfigurationList section */
		0EEA6AFF26BEE72B00CFB04F /* Build configuration list for PBXProject "ContactList" */ = {
			isa = XCConfigurationList;
			buildConfigurations = (
				0EEA6B1626BEE72C00CFB04F /* Debug */,
				0EEA6B1726BEE72C00CFB04F /* Release */,
			);
			defaultConfigurationIsVisible = 0;
			defaultConfigurationName = Release;
		};
		0EEA6B1826BEE72C00CFB04F /* Build configuration list for PBXNativeTarget "ContactList" */ = {
			isa = XCConfigurationList;
			buildConfigurations = (
				0EEA6B1926BEE72C00CFB04F /* Debug */,
				0EEA6B1A26BEE72C00CFB04F /* Release */,
			);
			defaultConfigurationIsVisible = 0;
			defaultConfigurationName = Release;
		};
/* End XCConfigurationList section */
	};
	rootObject = 0EEA6AFC26BEE72B00CFB04F /* Project object */;
}
